lockfileVersion: '9.0'

settings:
  autoInstallPeers: true
  excludeLinksFromLockfile: false

importers:

  .:
    devDependencies:
      '@tty-pt/mk':
        specifier: ^0.1.18
        version: 0.1.18

packages:

  '@tty-pt/mk@0.1.18':
    resolution: {integrity: sha512-MDM/57scZVH6+w9YuQMKjOmLPCLrZAIck+vfY3u9TxpkRMld0/0+DJlxeswxlXFgEczPQrwkedqsOzXMey0Jpg==}

snapshots:

  '@tty-pt/mk@0.1.18': {}
